<Solution>
  <Project Path="BiteFightRevival.Api/BiteFightRevival.Api.csproj" />
  <Project Path="BiteFightRevival.Application/BiteFightRevival.Application.csproj" />
  <Project Path="BitefightRevival.Domain/BitefightRevival.Domain.csproj" />
  <Project Path="BiteFightRevival.Infrastructure/BiteFightRevival.Infrastructure.csproj" />
</Solution>
